
Microsoft Visual Studio Solution File, Format Version 12.00
# Visual Studio 15
VisualStudioVersion = 15.0.28307.329
MinimumVisualStudioVersion = 10.0.40219.1
Project("{FAE04EC0-301F-11D3-BF4B-00C04F79EFBC}") = "PlugInBase", "PlugInBase\PlugInBase.csproj", "{5D4AF3EF-898C-4F19-A7E7-BC21701E7A41}"
EndProject
Project("{FAE04EC0-301F-11D3-BF4B-00C04F79EFBC}") = "MamBa", "MamBa\MamBa.csproj", "{28CCA2BD-A8AA-4B63-A30D-497E8D65129E}"
EndProject
Global
	GlobalSection(SolutionConfigurationPlatforms) = preSolution
		Debug|Any CPU = Debug|Any CPU
		Release|Any CPU = Release|Any CPU
	EndGlobalSection
	GlobalSection(ProjectConfigurationPlatforms) = postSolution
		{5D4AF3EF-898C-4F19-A7E7-BC21701E7A41}.Debug|Any CPU.ActiveCfg = Debug|Any CPU
		{5D4AF3EF-898C-4F19-A7E7-BC21701E7A41}.Debug|Any CPU.Build.0 = Debug|Any CPU
		{5D4AF3EF-898C-4F19-A7E7-BC21701E7A41}.Release|Any CPU.ActiveCfg = Release|Any CPU
		{5D4AF3EF-898C-4F19-A7E7-BC21701E7A41}.Release|Any CPU.Build.0 = Release|Any CPU
		{28CCA2BD-A8AA-4B63-A30D-497E8D65129E}.Debug|Any CPU.ActiveCfg = Debug|Any CPU
		{28CCA2BD-A8AA-4B63-A30D-497E8D65129E}.Debug|Any CPU.Build.0 = Debug|Any CPU
		{28CCA2BD-A8AA-4B63-A30D-497E8D65129E}.Release|Any CPU.ActiveCfg = Release|Any CPU
		{28CCA2BD-A8AA-4B63-A30D-497E8D65129E}.Release|Any CPU.Build.0 = Release|Any CPU
	EndGlobalSection
	GlobalSection(SolutionProperties) = preSolution
		HideSolutionNode = FALSE
	EndGlobalSection
	GlobalSection(ExtensibilityGlobals) = postSolution
		SolutionGuid = {B8BCC6E4-2987-4A09-9E0B-E891DAD15EBB}
	EndGlobalSection
EndGlobal
